
Microsoft Visual Studio Solution File, Format Version 12.00
# Visual Studio Version 17
VisualStudioVersion = 17.9.34714.143
MinimumVisualStudioVersion = 10.0.40219.1
Project("{FAE04EC0-301F-11D3-BF4B-00C04F79EFBC}") = "WebApplication6", "WebApplication6\WebApplication6.csproj", "{3EE98228-F3A2-4A21-A510-AC8A5A79F0BE}"
EndProject
Global
	GlobalSection(SolutionConfigurationPlatforms) = preSolution
		Debug|Any CPU = Debug|Any CPU
		Release|Any CPU = Release|Any CPU
	EndGlobalSection
	GlobalSection(ProjectConfigurationPlatforms) = postSolution
		{3EE98228-F3A2-4A21-A510-AC8A5A79F0BE}.Debug|Any CPU.ActiveCfg = Debug|Any CPU
		{3EE98228-F3A2-4A21-A510-AC8A5A79F0BE}.Debug|Any CPU.Build.0 = Debug|Any CPU
		{3EE98228-F3A2-4A21-A510-AC8A5A79F0BE}.Release|Any CPU.ActiveCfg = Release|Any CPU
		{3EE98228-F3A2-4A21-A510-AC8A5A79F0BE}.Release|Any CPU.Build.0 = Release|Any CPU
	EndGlobalSection
	GlobalSection(SolutionProperties) = preSolution
		HideSolutionNode = FALSE
	EndGlobalSection
	GlobalSection(ExtensibilityGlobals) = postSolution
		SolutionGuid = {7AAC9771-4D3B-4B13-AE31-6BDEEEB34276}
	EndGlobalSection
EndGlobal
